
Microsoft Visual Studio Solution File, Format Version 12.00
# Visual Studio Version 17
VisualStudioVersion = 17.5.2.0
MinimumVisualStudioVersion = 10.0.40219.1
Project("{2150E333-8FDC-42A3-9474-1A3956D46DE8}") = "src", "src", "{827E0CD3-B72D-47B6-A68D-7590B98EB39B}"
EndProject
Project("{FAE04EC0-301F-11D3-BF4B-00C04F79EFBC}") = "Domain", "src\Domain\Domain.csproj", "{99BE67FC-DE31-49F1-9154-F51B101AAA7D}"
EndProject
Project("{FAE04EC0-301F-11D3-BF4B-00C04F79EFBC}") = "Application", "src\Application\Application.csproj", "{E685AEE0-0EA5-44A2-AB0C-B16E03D54A22}"
EndProject
Project("{FAE04EC0-301F-11D3-BF4B-00C04F79EFBC}") = "Infrastructure", "src\Infrastructure\Infrastructure.csproj", "{66969A6A-68B0-4F60-9A18-A70A9ACA40F8}"
EndProject
Project("{FAE04EC0-301F-11D3-BF4B-00C04F79EFBC}") = "SharedKernel", "src\SharedKernel\SharedKernel.csproj", "{D87524B9-E8F1-4619-8E8C-D1EC9BA884E5}"
EndProject
Project("{FAE04EC0-301F-11D3-BF4B-00C04F79EFBC}") = "Web.Api", "src\Web.Api\Web.Api.csproj", "{EF5E7098-F9CB-4C55-9D68-F7B6D0A24FF2}"
EndProject
Global
	GlobalSection(SolutionConfigurationPlatforms) = preSolution
		Debug|Any CPU = Debug|Any CPU
		Debug|x64 = Debug|x64
		Debug|x86 = Debug|x86
		Release|Any CPU = Release|Any CPU
		Release|x64 = Release|x64
		Release|x86 = Release|x86
	EndGlobalSection
	GlobalSection(ProjectConfigurationPlatforms) = postSolution
		{99BE67FC-DE31-49F1-9154-F51B101AAA7D}.Debug|Any CPU.ActiveCfg = Debug|Any CPU
		{99BE67FC-DE31-49F1-9154-F51B101AAA7D}.Debug|Any CPU.Build.0 = Debug|Any CPU
		{99BE67FC-DE31-49F1-9154-F51B101AAA7D}.Debug|x64.ActiveCfg = Debug|Any CPU
		{99BE67FC-DE31-49F1-9154-F51B101AAA7D}.Debug|x64.Build.0 = Debug|Any CPU
		{99BE67FC-DE31-49F1-9154-F51B101AAA7D}.Debug|x86.ActiveCfg = Debug|Any CPU
		{99BE67FC-DE31-49F1-9154-F51B101AAA7D}.Debug|x86.Build.0 = Debug|Any CPU
		{99BE67FC-DE31-49F1-9154-F51B101AAA7D}.Release|Any CPU.ActiveCfg = Release|Any CPU
		{99BE67FC-DE31-49F1-9154-F51B101AAA7D}.Release|Any CPU.Build.0 = Release|Any CPU
		{99BE67FC-DE31-49F1-9154-F51B101AAA7D}.Release|x64.ActiveCfg = Release|Any CPU
		{99BE67FC-DE31-49F1-9154-F51B101AAA7D}.Release|x64.Build.0 = Release|Any CPU
		{99BE67FC-DE31-49F1-9154-F51B101AAA7D}.Release|x86.ActiveCfg = Release|Any CPU
		{99BE67FC-DE31-49F1-9154-F51B101AAA7D}.Release|x86.Build.0 = Release|Any CPU
		{E685AEE0-0EA5-44A2-AB0C-B16E03D54A22}.Debug|Any CPU.ActiveCfg = Debug|Any CPU
		{E685AEE0-0EA5-44A2-AB0C-B16E03D54A22}.Debug|Any CPU.Build.0 = Debug|Any CPU
		{E685AEE0-0EA5-44A2-AB0C-B16E03D54A22}.Debug|x64.ActiveCfg = Debug|Any CPU
		{E685AEE0-0EA5-44A2-AB0C-B16E03D54A22}.Debug|x64.Build.0 = Debug|Any CPU
		{E685AEE0-0EA5-44A2-AB0C-B16E03D54A22}.Debug|x86.ActiveCfg = Debug|Any CPU
		{E685AEE0-0EA5-44A2-AB0C-B16E03D54A22}.Debug|x86.Build.0 = Debug|Any CPU
		{E685AEE0-0EA5-44A2-AB0C-B16E03D54A22}.Release|Any CPU.ActiveCfg = Release|Any CPU
		{E685AEE0-0EA5-44A2-AB0C-B16E03D54A22}.Release|Any CPU.Build.0 = Release|Any CPU
		{E685AEE0-0EA5-44A2-AB0C-B16E03D54A22}.Release|x64.ActiveCfg = Release|Any CPU
		{E685AEE0-0EA5-44A2-AB0C-B16E03D54A22}.Release|x64.Build.0 = Release|Any CPU
		{E685AEE0-0EA5-44A2-AB0C-B16E03D54A22}.Release|x86.ActiveCfg = Release|Any CPU
		{E685AEE0-0EA5-44A2-AB0C-B16E03D54A22}.Release|x86.Build.0 = Release|Any CPU
		{66969A6A-68B0-4F60-9A18-A70A9ACA40F8}.Debug|Any CPU.ActiveCfg = Debug|Any CPU
		{66969A6A-68B0-4F60-9A18-A70A9ACA40F8}.Debug|Any CPU.Build.0 = Debug|Any CPU
		{66969A6A-68B0-4F60-9A18-A70A9ACA40F8}.Debug|x64.ActiveCfg = Debug|Any CPU
		{66969A6A-68B0-4F60-9A18-A70A9ACA40F8}.Debug|x64.Build.0 = Debug|Any CPU
		{66969A6A-68B0-4F60-9A18-A70A9ACA40F8}.Debug|x86.ActiveCfg = Debug|Any CPU
		{66969A6A-68B0-4F60-9A18-A70A9ACA40F8}.Debug|x86.Build.0 = Debug|Any CPU
		{66969A6A-68B0-4F60-9A18-A70A9ACA40F8}.Release|Any CPU.ActiveCfg = Release|Any CPU
		{66969A6A-68B0-4F60-9A18-A70A9ACA40F8}.Release|Any CPU.Build.0 = Release|Any CPU
		{66969A6A-68B0-4F60-9A18-A70A9ACA40F8}.Release|x64.ActiveCfg = Release|Any CPU
		{66969A6A-68B0-4F60-9A18-A70A9ACA40F8}.Release|x64.Build.0 = Release|Any CPU
		{66969A6A-68B0-4F60-9A18-A70A9ACA40F8}.Release|x86.ActiveCfg = Release|Any CPU
		{66969A6A-68B0-4F60-9A18-A70A9ACA40F8}.Release|x86.Build.0 = Release|Any CPU
		{D87524B9-E8F1-4619-8E8C-D1EC9BA884E5}.Debug|Any CPU.ActiveCfg = Debug|Any CPU
		{D87524B9-E8F1-4619-8E8C-D1EC9BA884E5}.Debug|Any CPU.Build.0 = Debug|Any CPU
		{D87524B9-E8F1-4619-8E8C-D1EC9BA884E5}.Debug|x64.ActiveCfg = Debug|Any CPU
		{D87524B9-E8F1-4619-8E8C-D1EC9BA884E5}.Debug|x64.Build.0 = Debug|Any CPU
		{D87524B9-E8F1-4619-8E8C-D1EC9BA884E5}.Debug|x86.ActiveCfg = Debug|Any CPU
		{D87524B9-E8F1-4619-8E8C-D1EC9BA884E5}.Debug|x86.Build.0 = Debug|Any CPU
		{D87524B9-E8F1-4619-8E8C-D1EC9BA884E5}.Release|Any CPU.ActiveCfg = Release|Any CPU
		{D87524B9-E8F1-4619-8E8C-D1EC9BA884E5}.Release|Any CPU.Build.0 = Release|Any CPU
		{D87524B9-E8F1-4619-8E8C-D1EC9BA884E5}.Release|x64.ActiveCfg = Release|Any CPU
		{D87524B9-E8F1-4619-8E8C-D1EC9BA884E5}.Release|x64.Build.0 = Release|Any CPU
		{D87524B9-E8F1-4619-8E8C-D1EC9BA884E5}.Release|x86.ActiveCfg = Release|Any CPU
		{D87524B9-E8F1-4619-8E8C-D1EC9BA884E5}.Release|x86.Build.0 = Release|Any CPU
		{EF5E7098-F9CB-4C55-9D68-F7B6D0A24FF2}.Debug|Any CPU.ActiveCfg = Debug|Any CPU
		{EF5E7098-F9CB-4C55-9D68-F7B6D0A24FF2}.Debug|Any CPU.Build.0 = Debug|Any CPU
		{EF5E7098-F9CB-4C55-9D68-F7B6D0A24FF2}.Debug|x64.ActiveCfg = Debug|Any CPU
		{EF5E7098-F9CB-4C55-9D68-F7B6D0A24FF2}.Debug|x64.Build.0 = Debug|Any CPU
		{EF5E7098-F9CB-4C55-9D68-F7B6D0A24FF2}.Debug|x86.ActiveCfg = Debug|Any CPU
		{EF5E7098-F9CB-4C55-9D68-F7B6D0A24FF2}.Debug|x86.Build.0 = Debug|Any CPU
		{EF5E7098-F9CB-4C55-9D68-F7B6D0A24FF2}.Release|Any CPU.ActiveCfg = Release|Any CPU
		{EF5E7098-F9CB-4C55-9D68-F7B6D0A24FF2}.Release|Any CPU.Build.0 = Release|Any CPU
		{EF5E7098-F9CB-4C55-9D68-F7B6D0A24FF2}.Release|x64.ActiveCfg = Release|Any CPU
		{EF5E7098-F9CB-4C55-9D68-F7B6D0A24FF2}.Release|x64.Build.0 = Release|Any CPU
		{EF5E7098-F9CB-4C55-9D68-F7B6D0A24FF2}.Release|x86.ActiveCfg = Release|Any CPU
		{EF5E7098-F9CB-4C55-9D68-F7B6D0A24FF2}.Release|x86.Build.0 = Release|Any CPU
	EndGlobalSection
	GlobalSection(SolutionProperties) = preSolution
		HideSolutionNode = FALSE
	EndGlobalSection
	GlobalSection(NestedProjects) = preSolution
		{99BE67FC-DE31-49F1-9154-F51B101AAA7D} = {827E0CD3-B72D-47B6-A68D-7590B98EB39B}
		{E685AEE0-0EA5-44A2-AB0C-B16E03D54A22} = {827E0CD3-B72D-47B6-A68D-7590B98EB39B}
		{66969A6A-68B0-4F60-9A18-A70A9ACA40F8} = {827E0CD3-B72D-47B6-A68D-7590B98EB39B}
		{D87524B9-E8F1-4619-8E8C-D1EC9BA884E5} = {827E0CD3-B72D-47B6-A68D-7590B98EB39B}
		{EF5E7098-F9CB-4C55-9D68-F7B6D0A24FF2} = {827E0CD3-B72D-47B6-A68D-7590B98EB39B}
	EndGlobalSection
	GlobalSection(ExtensibilityGlobals) = postSolution
		SolutionGuid = {7831C2E1-F9A9-412F-86C3-DCE63220A038}
	EndGlobalSection
EndGlobal
